
Microsoft Visual Studio Solution File, Format Version 12.00
# Visual Studio Version 17
VisualStudioVersion = 17.1.32104.313
MinimumVisualStudioVersion = 10.0.40219.1
Project("{FAE04EC0-301F-11D3-BF4B-00C04F79EFBC}") = "API", "CQRS\API.csproj", "{C228EFEA-5DDF-4945-8E10-0FEAED37442B}"
EndProject
Project("{FAE04EC0-301F-11D3-BF4B-00C04F79EFBC}") = "CQRS", "Interfaces\CQRS.csproj", "{6A89F441-5CB5-403C-A920-146F8C2D1FD3}"
EndProject
Project("{FAE04EC0-301F-11D3-BF4B-00C04F79EFBC}") = "Application", "Application\Application.csproj", "{F0239FFE-A370-440C-8876-B611D79E1657}"
EndProject
Global
	GlobalSection(SolutionConfigurationPlatforms) = preSolution
		Debug|Any CPU = Debug|Any CPU
		Release|Any CPU = Release|Any CPU
	EndGlobalSection
	GlobalSection(ProjectConfigurationPlatforms) = postSolution
		{C228EFEA-5DDF-4945-8E10-0FEAED37442B}.Debug|Any CPU.ActiveCfg = Debug|Any CPU
		{C228EFEA-5DDF-4945-8E10-0FEAED37442B}.Debug|Any CPU.Build.0 = Debug|Any CPU
		{C228EFEA-5DDF-4945-8E10-0FEAED37442B}.Release|Any CPU.ActiveCfg = Release|Any CPU
		{C228EFEA-5DDF-4945-8E10-0FEAED37442B}.Release|Any CPU.Build.0 = Release|Any CPU
		{6A89F441-5CB5-403C-A920-146F8C2D1FD3}.Debug|Any CPU.ActiveCfg = Debug|Any CPU
		{6A89F441-5CB5-403C-A920-146F8C2D1FD3}.Debug|Any CPU.Build.0 = Debug|Any CPU
		{6A89F441-5CB5-403C-A920-146F8C2D1FD3}.Release|Any CPU.ActiveCfg = Release|Any CPU
		{6A89F441-5CB5-403C-A920-146F8C2D1FD3}.Release|Any CPU.Build.0 = Release|Any CPU
		{F0239FFE-A370-440C-8876-B611D79E1657}.Debug|Any CPU.ActiveCfg = Debug|Any CPU
		{F0239FFE-A370-440C-8876-B611D79E1657}.Debug|Any CPU.Build.0 = Debug|Any CPU
		{F0239FFE-A370-440C-8876-B611D79E1657}.Release|Any CPU.ActiveCfg = Release|Any CPU
		{F0239FFE-A370-440C-8876-B611D79E1657}.Release|Any CPU.Build.0 = Release|Any CPU
	EndGlobalSection
	GlobalSection(SolutionProperties) = preSolution
		HideSolutionNode = FALSE
	EndGlobalSection
	GlobalSection(ExtensibilityGlobals) = postSolution
		SolutionGuid = {3851586C-BD7D-4EB8-BFC7-5F4E450DFA14}
	EndGlobalSection
EndGlobal
